
Microsoft Visual Studio Solution File, Format Version 11.00
# Visual Studio 2010
Project("{2150E333-8FDC-42A3-9474-1A3956D46DE8}") = "ThirdParty", "ThirdParty", "{58B35CDD-AE95-49AE-8D32-011C21F108B5}"
EndProject
Project("{2150E333-8FDC-42A3-9474-1A3956D46DE8}") = "HTTPHandlers", "HTTPHandlers", "{E72D8F51-0370-4975-B1F2-3D490DAF1CB4}"
EndProject
Project("{2150E333-8FDC-42A3-9474-1A3956D46DE8}") = "Common", "Common", "{CE1742F7-0E6C-4A08-90D3-470635495544}"
EndProject
Project("{2150E333-8FDC-42A3-9474-1A3956D46DE8}") = "Applications", "Applications", "{953E7385-8A9E-47C6-9131-A0AF00F9DBF7}"
EndProject
Project("{2150E333-8FDC-42A3-9474-1A3956D46DE8}") = "Silverlight", "Silverlight", "{6F56125D-EE49-4D9F-ADE2-EDDA54AC6D7F}"
EndProject
Project("{2150E333-8FDC-42A3-9474-1A3956D46DE8}") = "Chat", "Chat", "{EB858C50-8570-4FFB-BA9A-46355BC9D78E}"
EndProject
Project("{FAE04EC0-301F-11D3-BF4B-00C04F79EFBC}") = "Site", "Site\Site.csproj", "{7058A720-414D-4547-958D-B52A6E5D6BB3}"
EndProject
Project("{FAE04EC0-301F-11D3-BF4B-00C04F79EFBC}") = "Bll.Web", "Bll\Bll.Web.csproj", "{7187150C-8ACA-4E2E-A1F1-BBB821650E12}"
EndProject
Project("{FAE04EC0-301F-11D3-BF4B-00C04F79EFBC}") = "Utils.Web", "Utils\Utils.Web.csproj", "{73957151-62E7-4301-8427-F393E2B8C7FA}"
EndProject
Project("{FAE04EC0-301F-11D3-BF4B-00C04F79EFBC}") = "WebControls", "WebControls\WebControls.csproj", "{155C8953-E667-4E7C-8A0D-34DE9DBEF9C1}"
EndProject
Project("{FAE04EC0-301F-11D3-BF4B-00C04F79EFBC}") = "FileUploadLibrary", "ThirdParty\FileUploadV2_Stable_203_Source\FileUploadLibrary\FileUploadLibrary.csproj", "{7886866E-6B81-4001-8B50-069E8E7B3CB8}"
EndProject
Project("{FAE04EC0-301F-11D3-BF4B-00C04F79EFBC}") = "LiveFeedHandlers", "HTTPHandlers\LiveFeedHandlers\LiveFeedHandlers.csproj", "{118AC48C-EE45-41C0-880F-CB0F5ECA35DB}"
EndProject
Project("{FAE04EC0-301F-11D3-BF4B-00C04F79EFBC}") = "WebControlCaptcha", "ThirdParty\Captcha\WebControlCaptcha.csproj", "{C791B767-2CF6-4830-A7EE-C3ED05DEB1E5}"
EndProject
Project("{FAE04EC0-301F-11D3-BF4B-00C04F79EFBC}") = "Model", "..\Model\Model.csproj", "{45068A2C-FD13-4136-B923-ED512D55662F}"
EndProject
Project("{FAE04EC0-301F-11D3-BF4B-00C04F79EFBC}") = "ExceptionManager", "..\ExceptionManager\ExceptionManager.csproj", "{BB9272E7-95A2-4E3C-882D-488E7B673B61}"
EndProject
Project("{FAE04EC0-301F-11D3-BF4B-00C04F79EFBC}") = "Dal", "..\Dal\Dal.csproj", "{D5E21DB3-8FCD-4698-A842-216BB4EEAC2D}"
EndProject
Project("{FAE04EC0-301F-11D3-BF4B-00C04F79EFBC}") = "Utils", "..\Utils\Utils.csproj", "{5DEED6DE-3D92-429F-B62C-F17C617EBBE3}"
EndProject
Project("{FAE04EC0-301F-11D3-BF4B-00C04F79EFBC}") = "Dal.Web", "Dal\Dal.Web.csproj", "{DB96FFE5-9FEA-44BC-AA70-815CC4DAAC76}"
EndProject
Project("{FAE04EC0-301F-11D3-BF4B-00C04F79EFBC}") = "OrdersCleanup", "..\Applications\OrdersCleanup\OrdersCleanup.csproj", "{66264BF3-DA9C-4540-9099-616163391F97}"
EndProject
Project("{FAE04EC0-301F-11D3-BF4B-00C04F79EFBC}") = "Chat", "..\Silverlight\Chat\Chat.csproj", "{E81A3147-D8FE-4572-9581-B50CFE9F80CB}"
	ProjectSection(ProjectDependencies) = postProject
		{7058A720-414D-4547-958D-B52A6E5D6BB3} = {7058A720-414D-4547-958D-B52A6E5D6BB3}
	EndProjectSection
EndProject
Project("{FAE04EC0-301F-11D3-BF4B-00C04F79EFBC}") = "ChatServer", "..\Chat\ChatServer\ChatServer.csproj", "{D044400D-C25D-42B8-BB16-DA9ECDCCA0AD}"
EndProject
Project("{54435603-DBB4-11D2-8724-00A0C9A8B90C}") = "ChatInstall", "..\Chat\ChatInstall\ChatInstall.vdproj", "{C0595F15-4135-42FF-ABCC-3E6FF62E084F}"
EndProject
Project("{C8D11400-126E-41CD-887F-60BD40844F9E}") = "DB", "..\DB\DB.dbproj", "{67CBC824-A49E-4E9B-A947-360F3DFE65C3}"
EndProject
Project("{FAE04EC0-301F-11D3-BF4B-00C04F79EFBC}") = "OrdersNotify", "..\Applications\OrdersNotify\OrdersNotify.csproj", "{0F073B56-6023-46E5-B3BF-889A8A6B7249}"
EndProject
Project("{FAE04EC0-301F-11D3-BF4B-00C04F79EFBC}") = "TextTemplates", "..\TextTemplates\TextTemplates.csproj", "{2601AE59-2147-4DC6-9C45-9AC08826D456}"
EndProject
Project("{FAE04EC0-301F-11D3-BF4B-00C04F79EFBC}") = "ResendRegistrations", "..\Applications\ResendRegistrations\ResendRegistrations.csproj", "{5B523815-E67F-4F2B-8775-E9E7C2E20405}"
EndProject
Global
	GlobalSection(TeamFoundationVersionControl) = preSolution
		SccNumberOfProjects = 21
		SccEnterpriseProvider = {4CA58AB2-18FA-4F8D-95D4-32DDF27D184C}
		SccTeamFoundationServer = http://dcmain:8080/tfs/rook
		SccLocalPath0 = .
		SccProjectUniqueName1 = ..\\Applications\\OrdersCleanup\\OrdersCleanup.csproj
		SccProjectTopLevelParentUniqueName1 = Pripev.sln
		SccProjectName1 = ../Applications/OrdersCleanup
		SccLocalPath1 = ..\\Applications\\OrdersCleanup
		SccProjectUniqueName2 = ..\\Applications\\OrdersNotify\\OrdersNotify.csproj
		SccProjectTopLevelParentUniqueName2 = Pripev.sln
		SccProjectName2 = ../Applications/OrdersNotify
		SccLocalPath2 = ..\\Applications\\OrdersNotify
		SccProjectUniqueName3 = ..\\Chat\\ChatInstall\\ChatInstall.vdproj
		SccProjectTopLevelParentUniqueName3 = Pripev.sln
		SccProjectName3 = ../Chat/ChatInstall
		SccLocalPath3 = ..\\Chat\\ChatInstall
		SccProjectUniqueName4 = ..\\Chat\\ChatServer\\ChatServer.csproj
		SccProjectTopLevelParentUniqueName4 = Pripev.sln
		SccProjectName4 = ../Chat/ChatServer
		SccLocalPath4 = ..\\Chat\\ChatServer
		SccProjectUniqueName5 = ..\\Dal\\Dal.csproj
		SccProjectTopLevelParentUniqueName5 = Pripev.sln
		SccProjectName5 = ../Dal
		SccLocalPath5 = ..\\Dal
		SccProjectUniqueName6 = ..\\DB\\DB.dbproj
		SccProjectName6 = ../DB
		SccLocalPath6 = ..\\DB
		SccProjectUniqueName7 = ..\\ExceptionManager\\ExceptionManager.csproj
		SccProjectTopLevelParentUniqueName7 = Pripev.sln
		SccProjectName7 = ../ExceptionManager
		SccLocalPath7 = ..\\ExceptionManager
		SccProjectUniqueName8 = ..\\Model\\Model.csproj
		SccProjectTopLevelParentUniqueName8 = Pripev.sln
		SccProjectName8 = ../Model
		SccLocalPath8 = ..\\Model
		SccProjectUniqueName9 = ..\\Silverlight\\Chat\\Chat.csproj
		SccProjectTopLevelParentUniqueName9 = Pripev.sln
		SccProjectName9 = ../Silverlight/Chat
		SccLocalPath9 = ..\\Silverlight\\Chat
		SccProjectUniqueName10 = ..\\TextTemplates\\TextTemplates.csproj
		SccProjectTopLevelParentUniqueName10 = Pripev.sln
		SccProjectName10 = ../TextTemplates
		SccLocalPath10 = ..\\TextTemplates
		SccProjectUniqueName11 = ..\\Utils\\Utils.csproj
		SccProjectTopLevelParentUniqueName11 = Pripev.sln
		SccProjectName11 = ../Utils
		SccLocalPath11 = ..\\Utils
		SccProjectUniqueName12 = Bll\\Bll.Web.csproj
		SccProjectName12 = Bll
		SccLocalPath12 = Bll
		SccProjectUniqueName13 = Dal\\Dal.Web.csproj
		SccProjectName13 = Dal
		SccLocalPath13 = Dal
		SccProjectUniqueName14 = HTTPHandlers\\LiveFeedHandlers\\LiveFeedHandlers.csproj
		SccProjectTopLevelParentUniqueName14 = Pripev.sln
		SccProjectName14 = HTTPHandlers/LiveFeedHandlers
		SccLocalPath14 = HTTPHandlers\\LiveFeedHandlers
		SccProjectUniqueName15 = Site\\Site.csproj
		SccProjectName15 = Site
		SccLocalPath15 = Site
		SccProjectUniqueName16 = ThirdParty\\Captcha\\WebControlCaptcha.csproj
		SccProjectTopLevelParentUniqueName16 = Pripev.sln
		SccProjectName16 = ThirdParty/Captcha
		SccLocalPath16 = ThirdParty\\Captcha
		SccProjectUniqueName17 = ThirdParty\\FileUploadV2_Stable_203_Source\\FileUploadLibrary\\FileUploadLibrary.csproj
		SccProjectTopLevelParentUniqueName17 = Pripev.sln
		SccProjectName17 = ThirdParty/FileUploadV2_Stable_203_Source/FileUploadLibrary
		SccLocalPath17 = ThirdParty\\FileUploadV2_Stable_203_Source\\FileUploadLibrary
		SccProjectUniqueName18 = Utils\\Utils.Web.csproj
		SccProjectName18 = Utils
		SccLocalPath18 = Utils
		SccProjectUniqueName19 = WebControls\\WebControls.csproj
		SccProjectName19 = WebControls
		SccLocalPath19 = WebControls
		SccProjectUniqueName20 = ..\\Applications\\ResendRegistrations\\ResendRegistrations.csproj
		SccProjectTopLevelParentUniqueName20 = Pripev.sln
		SccProjectName20 = ../Applications/ResendRegistrations
		SccLocalPath20 = ..\\Applications\\ResendRegistrations
	EndGlobalSection
	GlobalSection(SolutionConfigurationPlatforms) = preSolution
		Debug|Any CPU = Debug|Any CPU
		Debug|Mixed Platforms = Debug|Mixed Platforms
		Debug|x64 = Debug|x64
		Debug|x86 = Debug|x86
		Release|Any CPU = Release|Any CPU
		Release|Mixed Platforms = Release|Mixed Platforms
		Release|x64 = Release|x64
		Release|x86 = Release|x86
	EndGlobalSection
	GlobalSection(ProjectConfigurationPlatforms) = postSolution
		{7058A720-414D-4547-958D-B52A6E5D6BB3}.Debug|Any CPU.ActiveCfg = Debug|Any CPU
		{7058A720-414D-4547-958D-B52A6E5D6BB3}.Debug|Any CPU.Build.0 = Debug|Any CPU
		{7058A720-414D-4547-958D-B52A6E5D6BB3}.Debug|Mixed Platforms.ActiveCfg = Debug|x64
		{7058A720-414D-4547-958D-B52A6E5D6BB3}.Debug|Mixed Platforms.Build.0 = Debug|x64
		{7058A720-414D-4547-958D-B52A6E5D6BB3}.Debug|x64.ActiveCfg = Debug|x64
		{7058A720-414D-4547-958D-B52A6E5D6BB3}.Debug|x64.Build.0 = Debug|x64
		{7058A720-414D-4547-958D-B52A6E5D6BB3}.Debug|x86.ActiveCfg = Debug|x64
		{7058A720-414D-4547-958D-B52A6E5D6BB3}.Release|Any CPU.ActiveCfg = Release|Any CPU
		{7058A720-414D-4547-958D-B52A6E5D6BB3}.Release|Any CPU.Build.0 = Release|Any CPU
		{7058A720-414D-4547-958D-B52A6E5D6BB3}.Release|Mixed Platforms.ActiveCfg = Release|x64
		{7058A720-414D-4547-958D-B52A6E5D6BB3}.Release|Mixed Platforms.Build.0 = Release|x64
		{7058A720-414D-4547-958D-B52A6E5D6BB3}.Release|x64.ActiveCfg = Release|x64
		{7058A720-414D-4547-958D-B52A6E5D6BB3}.Release|x64.Build.0 = Release|x64
		{7058A720-414D-4547-958D-B52A6E5D6BB3}.Release|x86.ActiveCfg = Release|x64
		{7187150C-8ACA-4E2E-A1F1-BBB821650E12}.Debug|Any CPU.ActiveCfg = Debug|Any CPU
		{7187150C-8ACA-4E2E-A1F1-BBB821650E12}.Debug|Any CPU.Build.0 = Debug|Any CPU
		{7187150C-8ACA-4E2E-A1F1-BBB821650E12}.Debug|Mixed Platforms.ActiveCfg = Debug|x64
		{7187150C-8ACA-4E2E-A1F1-BBB821650E12}.Debug|Mixed Platforms.Build.0 = Debug|x64
		{7187150C-8ACA-4E2E-A1F1-BBB821650E12}.Debug|x64.ActiveCfg = Debug|x64
		{7187150C-8ACA-4E2E-A1F1-BBB821650E12}.Debug|x64.Build.0 = Debug|x64
		{7187150C-8ACA-4E2E-A1F1-BBB821650E12}.Debug|x86.ActiveCfg = Debug|x64
		{7187150C-8ACA-4E2E-A1F1-BBB821650E12}.Release|Any CPU.ActiveCfg = Release|Any CPU
		{7187150C-8ACA-4E2E-A1F1-BBB821650E12}.Release|Any CPU.Build.0 = Release|Any CPU
		{7187150C-8ACA-4E2E-A1F1-BBB821650E12}.Release|Mixed Platforms.ActiveCfg = Release|x64
		{7187150C-8ACA-4E2E-A1F1-BBB821650E12}.Release|Mixed Platforms.Build.0 = Release|x64
		{7187150C-8ACA-4E2E-A1F1-BBB821650E12}.Release|x64.ActiveCfg = Release|x64
		{7187150C-8ACA-4E2E-A1F1-BBB821650E12}.Release|x64.Build.0 = Release|x64
		{7187150C-8ACA-4E2E-A1F1-BBB821650E12}.Release|x86.ActiveCfg = Release|x64
		{73957151-62E7-4301-8427-F393E2B8C7FA}.Debug|Any CPU.ActiveCfg = Debug|Any CPU
		{73957151-62E7-4301-8427-F393E2B8C7FA}.Debug|Any CPU.Build.0 = Debug|Any CPU
		{73957151-62E7-4301-8427-F393E2B8C7FA}.Debug|Mixed Platforms.ActiveCfg = Debug|x64
		{73957151-62E7-4301-8427-F393E2B8C7FA}.Debug|Mixed Platforms.Build.0 = Debug|x64
		{73957151-62E7-4301-8427-F393E2B8C7FA}.Debug|x64.ActiveCfg = Debug|x64
		{73957151-62E7-4301-8427-F393E2B8C7FA}.Debug|x64.Build.0 = Debug|x64
		{73957151-62E7-4301-8427-F393E2B8C7FA}.Debug|x86.ActiveCfg = Debug|x64
		{73957151-62E7-4301-8427-F393E2B8C7FA}.Release|Any CPU.ActiveCfg = Release|Any CPU
		{73957151-62E7-4301-8427-F393E2B8C7FA}.Release|Any CPU.Build.0 = Release|Any CPU
		{73957151-62E7-4301-8427-F393E2B8C7FA}.Release|Mixed Platforms.ActiveCfg = Release|x64
		{73957151-62E7-4301-8427-F393E2B8C7FA}.Release|Mixed Platforms.Build.0 = Release|x64
		{73957151-62E7-4301-8427-F393E2B8C7FA}.Release|x64.ActiveCfg = Release|x64
		{73957151-62E7-4301-8427-F393E2B8C7FA}.Release|x64.Build.0 = Release|x64
		{73957151-62E7-4301-8427-F393E2B8C7FA}.Release|x86.ActiveCfg = Release|x64
		{155C8953-E667-4E7C-8A0D-34DE9DBEF9C1}.Debug|Any CPU.ActiveCfg = Debug|Any CPU
		{155C8953-E667-4E7C-8A0D-34DE9DBEF9C1}.Debug|Any CPU.Build.0 = Debug|Any CPU
		{155C8953-E667-4E7C-8A0D-34DE9DBEF9C1}.Debug|Mixed Platforms.ActiveCfg = Debug|x64
		{155C8953-E667-4E7C-8A0D-34DE9DBEF9C1}.Debug|Mixed Platforms.Build.0 = Debug|x64
		{155C8953-E667-4E7C-8A0D-34DE9DBEF9C1}.Debug|x64.ActiveCfg = Debug|x64
		{155C8953-E667-4E7C-8A0D-34DE9DBEF9C1}.Debug|x64.Build.0 = Debug|x64
		{155C8953-E667-4E7C-8A0D-34DE9DBEF9C1}.Debug|x86.ActiveCfg = Debug|x64
		{155C8953-E667-4E7C-8A0D-34DE9DBEF9C1}.Release|Any CPU.ActiveCfg = Release|Any CPU
		{155C8953-E667-4E7C-8A0D-34DE9DBEF9C1}.Release|Any CPU.Build.0 = Release|Any CPU
		{155C8953-E667-4E7C-8A0D-34DE9DBEF9C1}.Release|Mixed Platforms.ActiveCfg = Release|x64
		{155C8953-E667-4E7C-8A0D-34DE9DBEF9C1}.Release|Mixed Platforms.Build.0 = Release|x64
		{155C8953-E667-4E7C-8A0D-34DE9DBEF9C1}.Release|x64.ActiveCfg = Release|x64
		{155C8953-E667-4E7C-8A0D-34DE9DBEF9C1}.Release|x64.Build.0 = Release|x64
		{155C8953-E667-4E7C-8A0D-34DE9DBEF9C1}.Release|x86.ActiveCfg = Release|x64
		{7886866E-6B81-4001-8B50-069E8E7B3CB8}.Debug|Any CPU.ActiveCfg = Debug|Any CPU
		{7886866E-6B81-4001-8B50-069E8E7B3CB8}.Debug|Any CPU.Build.0 = Debug|Any CPU
		{7886866E-6B81-4001-8B50-069E8E7B3CB8}.Debug|Mixed Platforms.ActiveCfg = Debug|x64
		{7886866E-6B81-4001-8B50-069E8E7B3CB8}.Debug|Mixed Platforms.Build.0 = Debug|x64
		{7886866E-6B81-4001-8B50-069E8E7B3CB8}.Debug|x64.ActiveCfg = Debug|x64
		{7886866E-6B81-4001-8B50-069E8E7B3CB8}.Debug|x64.Build.0 = Debug|x64
		{7886866E-6B81-4001-8B50-069E8E7B3CB8}.Debug|x86.ActiveCfg = Debug|x64
		{7886866E-6B81-4001-8B50-069E8E7B3CB8}.Release|Any CPU.ActiveCfg = Release|Any CPU
		{7886866E-6B81-4001-8B50-069E8E7B3CB8}.Release|Any CPU.Build.0 = Release|Any CPU
		{7886866E-6B81-4001-8B50-069E8E7B3CB8}.Release|Mixed Platforms.ActiveCfg = Release|x64
		{7886866E-6B81-4001-8B50-069E8E7B3CB8}.Release|Mixed Platforms.Build.0 = Release|x64
		{7886866E-6B81-4001-8B50-069E8E7B3CB8}.Release|x64.ActiveCfg = Release|x64
		{7886866E-6B81-4001-8B50-069E8E7B3CB8}.Release|x64.Build.0 = Release|x64
		{7886866E-6B81-4001-8B50-069E8E7B3CB8}.Release|x86.ActiveCfg = Release|x64
		{118AC48C-EE45-41C0-880F-CB0F5ECA35DB}.Debug|Any CPU.ActiveCfg = Debug|Any CPU
		{118AC48C-EE45-41C0-880F-CB0F5ECA35DB}.Debug|Any CPU.Build.0 = Debug|Any CPU
		{118AC48C-EE45-41C0-880F-CB0F5ECA35DB}.Debug|Mixed Platforms.ActiveCfg = Debug|x64
		{118AC48C-EE45-41C0-880F-CB0F5ECA35DB}.Debug|Mixed Platforms.Build.0 = Debug|x64
		{118AC48C-EE45-41C0-880F-CB0F5ECA35DB}.Debug|x64.ActiveCfg = Debug|x64
		{118AC48C-EE45-41C0-880F-CB0F5ECA35DB}.Debug|x64.Build.0 = Debug|x64
		{118AC48C-EE45-41C0-880F-CB0F5ECA35DB}.Debug|x86.ActiveCfg = Debug|x64
		{118AC48C-EE45-41C0-880F-CB0F5ECA35DB}.Release|Any CPU.ActiveCfg = Release|Any CPU
		{118AC48C-EE45-41C0-880F-CB0F5ECA35DB}.Release|Any CPU.Build.0 = Release|Any CPU
		{118AC48C-EE45-41C0-880F-CB0F5ECA35DB}.Release|Mixed Platforms.ActiveCfg = Release|x64
		{118AC48C-EE45-41C0-880F-CB0F5ECA35DB}.Release|Mixed Platforms.Build.0 = Release|x64
		{118AC48C-EE45-41C0-880F-CB0F5ECA35DB}.Release|x64.ActiveCfg = Release|x64
		{118AC48C-EE45-41C0-880F-CB0F5ECA35DB}.Release|x64.Build.0 = Release|x64
		{118AC48C-EE45-41C0-880F-CB0F5ECA35DB}.Release|x86.ActiveCfg = Release|x64
		{C791B767-2CF6-4830-A7EE-C3ED05DEB1E5}.Debug|Any CPU.ActiveCfg = Debug|Any CPU
		{C791B767-2CF6-4830-A7EE-C3ED05DEB1E5}.Debug|Any CPU.Build.0 = Debug|Any CPU
		{C791B767-2CF6-4830-A7EE-C3ED05DEB1E5}.Debug|Mixed Platforms.ActiveCfg = Debug|x64
		{C791B767-2CF6-4830-A7EE-C3ED05DEB1E5}.Debug|Mixed Platforms.Build.0 = Debug|x64
		{C791B767-2CF6-4830-A7EE-C3ED05DEB1E5}.Debug|x64.ActiveCfg = Debug|x64
		{C791B767-2CF6-4830-A7EE-C3ED05DEB1E5}.Debug|x64.Build.0 = Debug|x64
		{C791B767-2CF6-4830-A7EE-C3ED05DEB1E5}.Debug|x86.ActiveCfg = Debug|x64
		{C791B767-2CF6-4830-A7EE-C3ED05DEB1E5}.Release|Any CPU.ActiveCfg = Release|Any CPU
		{C791B767-2CF6-4830-A7EE-C3ED05DEB1E5}.Release|Any CPU.Build.0 = Release|Any CPU
		{C791B767-2CF6-4830-A7EE-C3ED05DEB1E5}.Release|Mixed Platforms.ActiveCfg = Release|x64
		{C791B767-2CF6-4830-A7EE-C3ED05DEB1E5}.Release|Mixed Platforms.Build.0 = Release|x64
		{C791B767-2CF6-4830-A7EE-C3ED05DEB1E5}.Release|x64.ActiveCfg = Release|x64
		{C791B767-2CF6-4830-A7EE-C3ED05DEB1E5}.Release|x64.Build.0 = Release|x64
		{C791B767-2CF6-4830-A7EE-C3ED05DEB1E5}.Release|x86.ActiveCfg = Release|x64
		{45068A2C-FD13-4136-B923-ED512D55662F}.Debug|Any CPU.ActiveCfg = Debug|Any CPU
		{45068A2C-FD13-4136-B923-ED512D55662F}.Debug|Any CPU.Build.0 = Debug|Any CPU
		{45068A2C-FD13-4136-B923-ED512D55662F}.Debug|Mixed Platforms.ActiveCfg = Debug|x64
		{45068A2C-FD13-4136-B923-ED512D55662F}.Debug|Mixed Platforms.Build.0 = Debug|x64
		{45068A2C-FD13-4136-B923-ED512D55662F}.Debug|x64.ActiveCfg = Debug|x64
		{45068A2C-FD13-4136-B923-ED512D55662F}.Debug|x64.Build.0 = Debug|x64
		{45068A2C-FD13-4136-B923-ED512D55662F}.Debug|x86.ActiveCfg = Debug|x64
		{45068A2C-FD13-4136-B923-ED512D55662F}.Release|Any CPU.ActiveCfg = Release|Any CPU
		{45068A2C-FD13-4136-B923-ED512D55662F}.Release|Any CPU.Build.0 = Release|Any CPU
		{45068A2C-FD13-4136-B923-ED512D55662F}.Release|Mixed Platforms.ActiveCfg = Release|x64
		{45068A2C-FD13-4136-B923-ED512D55662F}.Release|Mixed Platforms.Build.0 = Release|x64
		{45068A2C-FD13-4136-B923-ED512D55662F}.Release|x64.ActiveCfg = Release|x64
		{45068A2C-FD13-4136-B923-ED512D55662F}.Release|x64.Build.0 = Release|x64
		{45068A2C-FD13-4136-B923-ED512D55662F}.Release|x86.ActiveCfg = Release|x64
		{BB9272E7-95A2-4E3C-882D-488E7B673B61}.Debug|Any CPU.ActiveCfg = Debug|Any CPU
		{BB9272E7-95A2-4E3C-882D-488E7B673B61}.Debug|Any CPU.Build.0 = Debug|Any CPU
		{BB9272E7-95A2-4E3C-882D-488E7B673B61}.Debug|Mixed Platforms.ActiveCfg = Debug|x64
		{BB9272E7-95A2-4E3C-882D-488E7B673B61}.Debug|Mixed Platforms.Build.0 = Debug|x64
		{BB9272E7-95A2-4E3C-882D-488E7B673B61}.Debug|x64.ActiveCfg = Debug|x64
		{BB9272E7-95A2-4E3C-882D-488E7B673B61}.Debug|x64.Build.0 = Debug|x64
		{BB9272E7-95A2-4E3C-882D-488E7B673B61}.Debug|x86.ActiveCfg = Debug|x64
		{BB9272E7-95A2-4E3C-882D-488E7B673B61}.Release|Any CPU.ActiveCfg = Release|Any CPU
		{BB9272E7-95A2-4E3C-882D-488E7B673B61}.Release|Any CPU.Build.0 = Release|Any CPU
		{BB9272E7-95A2-4E3C-882D-488E7B673B61}.Release|Mixed Platforms.ActiveCfg = Release|x64
		{BB9272E7-95A2-4E3C-882D-488E7B673B61}.Release|Mixed Platforms.Build.0 = Release|x64
		{BB9272E7-95A2-4E3C-882D-488E7B673B61}.Release|x64.ActiveCfg = Release|x64
		{BB9272E7-95A2-4E3C-882D-488E7B673B61}.Release|x64.Build.0 = Release|x64
		{BB9272E7-95A2-4E3C-882D-488E7B673B61}.Release|x86.ActiveCfg = Release|x64
		{D5E21DB3-8FCD-4698-A842-216BB4EEAC2D}.Debug|Any CPU.ActiveCfg = Debug|Any CPU
		{D5E21DB3-8FCD-4698-A842-216BB4EEAC2D}.Debug|Any CPU.Build.0 = Debug|Any CPU
		{D5E21DB3-8FCD-4698-A842-216BB4EEAC2D}.Debug|Mixed Platforms.ActiveCfg = Debug|x64
		{D5E21DB3-8FCD-4698-A842-216BB4EEAC2D}.Debug|Mixed Platforms.Build.0 = Debug|x64
		{D5E21DB3-8FCD-4698-A842-216BB4EEAC2D}.Debug|x64.ActiveCfg = Debug|x64
		{D5E21DB3-8FCD-4698-A842-216BB4EEAC2D}.Debug|x64.Build.0 = Debug|x64
		{D5E21DB3-8FCD-4698-A842-216BB4EEAC2D}.Debug|x86.ActiveCfg = Debug|x64
		{D5E21DB3-8FCD-4698-A842-216BB4EEAC2D}.Release|Any CPU.ActiveCfg = Release|Any CPU
		{D5E21DB3-8FCD-4698-A842-216BB4EEAC2D}.Release|Any CPU.Build.0 = Release|Any CPU
		{D5E21DB3-8FCD-4698-A842-216BB4EEAC2D}.Release|Mixed Platforms.ActiveCfg = Release|x64
		{D5E21DB3-8FCD-4698-A842-216BB4EEAC2D}.Release|Mixed Platforms.Build.0 = Release|x64
		{D5E21DB3-8FCD-4698-A842-216BB4EEAC2D}.Release|x64.ActiveCfg = Release|x64
		{D5E21DB3-8FCD-4698-A842-216BB4EEAC2D}.Release|x64.Build.0 = Release|x64
		{D5E21DB3-8FCD-4698-A842-216BB4EEAC2D}.Release|x86.ActiveCfg = Release|x64
		{5DEED6DE-3D92-429F-B62C-F17C617EBBE3}.Debug|Any CPU.ActiveCfg = Debug|Any CPU
		{5DEED6DE-3D92-429F-B62C-F17C617EBBE3}.Debug|Any CPU.Build.0 = Debug|Any CPU
		{5DEED6DE-3D92-429F-B62C-F17C617EBBE3}.Debug|Mixed Platforms.ActiveCfg = Debug|x64
		{5DEED6DE-3D92-429F-B62C-F17C617EBBE3}.Debug|Mixed Platforms.Build.0 = Debug|x64
		{5DEED6DE-3D92-429F-B62C-F17C617EBBE3}.Debug|x64.ActiveCfg = Debug|x64
		{5DEED6DE-3D92-429F-B62C-F17C617EBBE3}.Debug|x64.Build.0 = Debug|x64
		{5DEED6DE-3D92-429F-B62C-F17C617EBBE3}.Debug|x86.ActiveCfg = Debug|x64
		{5DEED6DE-3D92-429F-B62C-F17C617EBBE3}.Release|Any CPU.ActiveCfg = Release|Any CPU
		{5DEED6DE-3D92-429F-B62C-F17C617EBBE3}.Release|Any CPU.Build.0 = Release|Any CPU
		{5DEED6DE-3D92-429F-B62C-F17C617EBBE3}.Release|Mixed Platforms.ActiveCfg = Release|x64
		{5DEED6DE-3D92-429F-B62C-F17C617EBBE3}.Release|Mixed Platforms.Build.0 = Release|x64
		{5DEED6DE-3D92-429F-B62C-F17C617EBBE3}.Release|x64.ActiveCfg = Release|x64
		{5DEED6DE-3D92-429F-B62C-F17C617EBBE3}.Release|x64.Build.0 = Release|x64
		{5DEED6DE-3D92-429F-B62C-F17C617EBBE3}.Release|x86.ActiveCfg = Release|x64
		{DB96FFE5-9FEA-44BC-AA70-815CC4DAAC76}.Debug|Any CPU.ActiveCfg = Debug|Any CPU
		{DB96FFE5-9FEA-44BC-AA70-815CC4DAAC76}.Debug|Any CPU.Build.0 = Debug|Any CPU
		{DB96FFE5-9FEA-44BC-AA70-815CC4DAAC76}.Debug|Mixed Platforms.ActiveCfg = Debug|x64
		{DB96FFE5-9FEA-44BC-AA70-815CC4DAAC76}.Debug|Mixed Platforms.Build.0 = Debug|x64
		{DB96FFE5-9FEA-44BC-AA70-815CC4DAAC76}.Debug|x64.ActiveCfg = Debug|x64
		{DB96FFE5-9FEA-44BC-AA70-815CC4DAAC76}.Debug|x64.Build.0 = Debug|x64
		{DB96FFE5-9FEA-44BC-AA70-815CC4DAAC76}.Debug|x86.ActiveCfg = Debug|x64
		{DB96FFE5-9FEA-44BC-AA70-815CC4DAAC76}.Release|Any CPU.ActiveCfg = Release|Any CPU
		{DB96FFE5-9FEA-44BC-AA70-815CC4DAAC76}.Release|Any CPU.Build.0 = Release|Any CPU
		{DB96FFE5-9FEA-44BC-AA70-815CC4DAAC76}.Release|Mixed Platforms.ActiveCfg = Release|x64
		{DB96FFE5-9FEA-44BC-AA70-815CC4DAAC76}.Release|Mixed Platforms.Build.0 = Release|x64
		{DB96FFE5-9FEA-44BC-AA70-815CC4DAAC76}.Release|x64.ActiveCfg = Release|x64
		{DB96FFE5-9FEA-44BC-AA70-815CC4DAAC76}.Release|x64.Build.0 = Release|x64
		{DB96FFE5-9FEA-44BC-AA70-815CC4DAAC76}.Release|x86.ActiveCfg = Release|x64
		{66264BF3-DA9C-4540-9099-616163391F97}.Debug|Any CPU.ActiveCfg = Debug|Any CPU
		{66264BF3-DA9C-4540-9099-616163391F97}.Debug|Any CPU.Build.0 = Debug|Any CPU
		{66264BF3-DA9C-4540-9099-616163391F97}.Debug|Mixed Platforms.ActiveCfg = Debug|x64
		{66264BF3-DA9C-4540-9099-616163391F97}.Debug|Mixed Platforms.Build.0 = Debug|x64
		{66264BF3-DA9C-4540-9099-616163391F97}.Debug|x64.ActiveCfg = Debug|x64
		{66264BF3-DA9C-4540-9099-616163391F97}.Debug|x86.ActiveCfg = Debug|x64
		{66264BF3-DA9C-4540-9099-616163391F97}.Release|Any CPU.ActiveCfg = Release|Any CPU
		{66264BF3-DA9C-4540-9099-616163391F97}.Release|Any CPU.Build.0 = Release|Any CPU
		{66264BF3-DA9C-4540-9099-616163391F97}.Release|Mixed Platforms.ActiveCfg = Release|x64
		{66264BF3-DA9C-4540-9099-616163391F97}.Release|Mixed Platforms.Build.0 = Release|x64
		{66264BF3-DA9C-4540-9099-616163391F97}.Release|x64.ActiveCfg = Release|x64
		{66264BF3-DA9C-4540-9099-616163391F97}.Release|x86.ActiveCfg = Release|x64
		{E81A3147-D8FE-4572-9581-B50CFE9F80CB}.Debug|Any CPU.ActiveCfg = Debug|Any CPU
		{E81A3147-D8FE-4572-9581-B50CFE9F80CB}.Debug|Mixed Platforms.ActiveCfg = Debug|x64
		{E81A3147-D8FE-4572-9581-B50CFE9F80CB}.Debug|Mixed Platforms.Build.0 = Debug|x64
		{E81A3147-D8FE-4572-9581-B50CFE9F80CB}.Debug|x64.ActiveCfg = Debug|Any CPU
		{E81A3147-D8FE-4572-9581-B50CFE9F80CB}.Debug|x64.Build.0 = Debug|Any CPU
		{E81A3147-D8FE-4572-9581-B50CFE9F80CB}.Debug|x86.ActiveCfg = Debug|x64
		{E81A3147-D8FE-4572-9581-B50CFE9F80CB}.Release|Any CPU.ActiveCfg = Release|Any CPU
		{E81A3147-D8FE-4572-9581-B50CFE9F80CB}.Release|Mixed Platforms.ActiveCfg = Release|x64
		{E81A3147-D8FE-4572-9581-B50CFE9F80CB}.Release|Mixed Platforms.Build.0 = Release|x64
		{E81A3147-D8FE-4572-9581-B50CFE9F80CB}.Release|x64.ActiveCfg = Release|Any CPU
		{E81A3147-D8FE-4572-9581-B50CFE9F80CB}.Release|x64.Build.0 = Release|Any CPU
		{E81A3147-D8FE-4572-9581-B50CFE9F80CB}.Release|x86.ActiveCfg = Release|x64
		{D044400D-C25D-42B8-BB16-DA9ECDCCA0AD}.Debug|Any CPU.ActiveCfg = Debug|x64
		{D044400D-C25D-42B8-BB16-DA9ECDCCA0AD}.Debug|Mixed Platforms.ActiveCfg = Debug|Any CPU
		{D044400D-C25D-42B8-BB16-DA9ECDCCA0AD}.Debug|Mixed Platforms.Build.0 = Debug|Any CPU
		{D044400D-C25D-42B8-BB16-DA9ECDCCA0AD}.Debug|x64.ActiveCfg = Debug|x64
		{D044400D-C25D-42B8-BB16-DA9ECDCCA0AD}.Debug|x64.Build.0 = Debug|x64
		{D044400D-C25D-42B8-BB16-DA9ECDCCA0AD}.Debug|x86.ActiveCfg = Debug|x64
		{D044400D-C25D-42B8-BB16-DA9ECDCCA0AD}.Release|Any CPU.ActiveCfg = Release|Any CPU
		{D044400D-C25D-42B8-BB16-DA9ECDCCA0AD}.Release|Mixed Platforms.ActiveCfg = Release|Any CPU
		{D044400D-C25D-42B8-BB16-DA9ECDCCA0AD}.Release|Mixed Platforms.Build.0 = Release|Any CPU
		{D044400D-C25D-42B8-BB16-DA9ECDCCA0AD}.Release|x64.ActiveCfg = Release|x64
		{D044400D-C25D-42B8-BB16-DA9ECDCCA0AD}.Release|x64.Build.0 = Release|x64
		{D044400D-C25D-42B8-BB16-DA9ECDCCA0AD}.Release|x86.ActiveCfg = Release|x64
		{C0595F15-4135-42FF-ABCC-3E6FF62E084F}.Debug|Any CPU.ActiveCfg = Debug
		{C0595F15-4135-42FF-ABCC-3E6FF62E084F}.Debug|Mixed Platforms.ActiveCfg = Debug
		{C0595F15-4135-42FF-ABCC-3E6FF62E084F}.Debug|Mixed Platforms.Build.0 = Debug
		{C0595F15-4135-42FF-ABCC-3E6FF62E084F}.Debug|x64.ActiveCfg = Debug
		{C0595F15-4135-42FF-ABCC-3E6FF62E084F}.Debug|x86.ActiveCfg = Debug
		{C0595F15-4135-42FF-ABCC-3E6FF62E084F}.Debug|x86.Build.0 = Debug
		{C0595F15-4135-42FF-ABCC-3E6FF62E084F}.Release|Any CPU.ActiveCfg = Release
		{C0595F15-4135-42FF-ABCC-3E6FF62E084F}.Release|Mixed Platforms.ActiveCfg = Release
		{C0595F15-4135-42FF-ABCC-3E6FF62E084F}.Release|Mixed Platforms.Build.0 = Release
		{C0595F15-4135-42FF-ABCC-3E6FF62E084F}.Release|x64.ActiveCfg = Release
		{C0595F15-4135-42FF-ABCC-3E6FF62E084F}.Release|x64.Build.0 = Release
		{C0595F15-4135-42FF-ABCC-3E6FF62E084F}.Release|x86.ActiveCfg = Release
		{C0595F15-4135-42FF-ABCC-3E6FF62E084F}.Release|x86.Build.0 = Release
		{67CBC824-A49E-4E9B-A947-360F3DFE65C3}.Debug|Any CPU.ActiveCfg = Debug|Any CPU
		{67CBC824-A49E-4E9B-A947-360F3DFE65C3}.Debug|Mixed Platforms.ActiveCfg = Debug|Any CPU
		{67CBC824-A49E-4E9B-A947-360F3DFE65C3}.Debug|Mixed Platforms.Build.0 = Debug|Any CPU
		{67CBC824-A49E-4E9B-A947-360F3DFE65C3}.Debug|Mixed Platforms.Deploy.0 = Debug|Any CPU
		{67CBC824-A49E-4E9B-A947-360F3DFE65C3}.Debug|x64.ActiveCfg = Debug|Any CPU
		{67CBC824-A49E-4E9B-A947-360F3DFE65C3}.Debug|x86.ActiveCfg = Debug|Any CPU
		{67CBC824-A49E-4E9B-A947-360F3DFE65C3}.Release|Any CPU.ActiveCfg = Release|Any CPU
		{67CBC824-A49E-4E9B-A947-360F3DFE65C3}.Release|Mixed Platforms.ActiveCfg = Release|Any CPU
		{67CBC824-A49E-4E9B-A947-360F3DFE65C3}.Release|Mixed Platforms.Build.0 = Release|Any CPU
		{67CBC824-A49E-4E9B-A947-360F3DFE65C3}.Release|Mixed Platforms.Deploy.0 = Release|Any CPU
		{67CBC824-A49E-4E9B-A947-360F3DFE65C3}.Release|x64.ActiveCfg = Release|Any CPU
		{67CBC824-A49E-4E9B-A947-360F3DFE65C3}.Release|x86.ActiveCfg = Release|Any CPU
		{0F073B56-6023-46E5-B3BF-889A8A6B7249}.Debug|Any CPU.ActiveCfg = Debug|Any CPU
		{0F073B56-6023-46E5-B3BF-889A8A6B7249}.Debug|Any CPU.Build.0 = Debug|Any CPU
		{0F073B56-6023-46E5-B3BF-889A8A6B7249}.Debug|Mixed Platforms.ActiveCfg = Debug|x86
		{0F073B56-6023-46E5-B3BF-889A8A6B7249}.Debug|Mixed Platforms.Build.0 = Debug|x86
		{0F073B56-6023-46E5-B3BF-889A8A6B7249}.Debug|x64.ActiveCfg = Debug|x86
		{0F073B56-6023-46E5-B3BF-889A8A6B7249}.Debug|x86.ActiveCfg = Debug|x86
		{0F073B56-6023-46E5-B3BF-889A8A6B7249}.Debug|x86.Build.0 = Debug|x86
		{0F073B56-6023-46E5-B3BF-889A8A6B7249}.Release|Any CPU.ActiveCfg = Release|Any CPU
		{0F073B56-6023-46E5-B3BF-889A8A6B7249}.Release|Any CPU.Build.0 = Release|Any CPU
		{0F073B56-6023-46E5-B3BF-889A8A6B7249}.Release|Mixed Platforms.ActiveCfg = Release|x86
		{0F073B56-6023-46E5-B3BF-889A8A6B7249}.Release|Mixed Platforms.Build.0 = Release|x86
		{0F073B56-6023-46E5-B3BF-889A8A6B7249}.Release|x64.ActiveCfg = Release|x86
		{0F073B56-6023-46E5-B3BF-889A8A6B7249}.Release|x86.ActiveCfg = Release|x86
		{0F073B56-6023-46E5-B3BF-889A8A6B7249}.Release|x86.Build.0 = Release|x86
		{2601AE59-2147-4DC6-9C45-9AC08826D456}.Debug|Any CPU.ActiveCfg = Debug|Any CPU
		{2601AE59-2147-4DC6-9C45-9AC08826D456}.Debug|Any CPU.Build.0 = Debug|Any CPU
		{2601AE59-2147-4DC6-9C45-9AC08826D456}.Debug|Mixed Platforms.ActiveCfg = Debug|Any CPU
		{2601AE59-2147-4DC6-9C45-9AC08826D456}.Debug|Mixed Platforms.Build.0 = Debug|Any CPU
		{2601AE59-2147-4DC6-9C45-9AC08826D456}.Debug|x64.ActiveCfg = Debug|Any CPU
		{2601AE59-2147-4DC6-9C45-9AC08826D456}.Debug|x86.ActiveCfg = Debug|Any CPU
		{2601AE59-2147-4DC6-9C45-9AC08826D456}.Release|Any CPU.ActiveCfg = Release|Any CPU
		{2601AE59-2147-4DC6-9C45-9AC08826D456}.Release|Any CPU.Build.0 = Release|Any CPU
		{2601AE59-2147-4DC6-9C45-9AC08826D456}.Release|Mixed Platforms.ActiveCfg = Release|Any CPU
		{2601AE59-2147-4DC6-9C45-9AC08826D456}.Release|Mixed Platforms.Build.0 = Release|Any CPU
		{2601AE59-2147-4DC6-9C45-9AC08826D456}.Release|x64.ActiveCfg = Release|Any CPU
		{2601AE59-2147-4DC6-9C45-9AC08826D456}.Release|x86.ActiveCfg = Release|Any CPU
		{5B523815-E67F-4F2B-8775-E9E7C2E20405}.Debug|Any CPU.ActiveCfg = Debug|Any CPU
		{5B523815-E67F-4F2B-8775-E9E7C2E20405}.Debug|Mixed Platforms.ActiveCfg = Debug|x86
		{5B523815-E67F-4F2B-8775-E9E7C2E20405}.Debug|Mixed Platforms.Build.0 = Debug|x86
		{5B523815-E67F-4F2B-8775-E9E7C2E20405}.Debug|x64.ActiveCfg = Debug|x86
		{5B523815-E67F-4F2B-8775-E9E7C2E20405}.Debug|x86.ActiveCfg = Debug|x86
		{5B523815-E67F-4F2B-8775-E9E7C2E20405}.Debug|x86.Build.0 = Debug|x86
		{5B523815-E67F-4F2B-8775-E9E7C2E20405}.Release|Any CPU.ActiveCfg = Release|Any CPU
		{5B523815-E67F-4F2B-8775-E9E7C2E20405}.Release|Any CPU.Build.0 = Release|Any CPU
		{5B523815-E67F-4F2B-8775-E9E7C2E20405}.Release|Mixed Platforms.ActiveCfg = Release|x86
		{5B523815-E67F-4F2B-8775-E9E7C2E20405}.Release|Mixed Platforms.Build.0 = Release|x86
		{5B523815-E67F-4F2B-8775-E9E7C2E20405}.Release|x64.ActiveCfg = Release|x86
		{5B523815-E67F-4F2B-8775-E9E7C2E20405}.Release|x86.ActiveCfg = Release|x86
		{5B523815-E67F-4F2B-8775-E9E7C2E20405}.Release|x86.Build.0 = Release|x86
	EndGlobalSection
	GlobalSection(SolutionProperties) = preSolution
		HideSolutionNode = FALSE
	EndGlobalSection
	GlobalSection(NestedProjects) = preSolution
		{7886866E-6B81-4001-8B50-069E8E7B3CB8} = {58B35CDD-AE95-49AE-8D32-011C21F108B5}
		{C791B767-2CF6-4830-A7EE-C3ED05DEB1E5} = {58B35CDD-AE95-49AE-8D32-011C21F108B5}
		{118AC48C-EE45-41C0-880F-CB0F5ECA35DB} = {E72D8F51-0370-4975-B1F2-3D490DAF1CB4}
		{45068A2C-FD13-4136-B923-ED512D55662F} = {CE1742F7-0E6C-4A08-90D3-470635495544}
		{BB9272E7-95A2-4E3C-882D-488E7B673B61} = {CE1742F7-0E6C-4A08-90D3-470635495544}
		{D5E21DB3-8FCD-4698-A842-216BB4EEAC2D} = {CE1742F7-0E6C-4A08-90D3-470635495544}
		{5DEED6DE-3D92-429F-B62C-F17C617EBBE3} = {CE1742F7-0E6C-4A08-90D3-470635495544}
		{2601AE59-2147-4DC6-9C45-9AC08826D456} = {CE1742F7-0E6C-4A08-90D3-470635495544}
		{66264BF3-DA9C-4540-9099-616163391F97} = {953E7385-8A9E-47C6-9131-A0AF00F9DBF7}
		{0F073B56-6023-46E5-B3BF-889A8A6B7249} = {953E7385-8A9E-47C6-9131-A0AF00F9DBF7}
		{5B523815-E67F-4F2B-8775-E9E7C2E20405} = {953E7385-8A9E-47C6-9131-A0AF00F9DBF7}
		{E81A3147-D8FE-4572-9581-B50CFE9F80CB} = {6F56125D-EE49-4D9F-ADE2-EDDA54AC6D7F}
		{D044400D-C25D-42B8-BB16-DA9ECDCCA0AD} = {EB858C50-8570-4FFB-BA9A-46355BC9D78E}
		{C0595F15-4135-42FF-ABCC-3E6FF62E084F} = {EB858C50-8570-4FFB-BA9A-46355BC9D78E}
	EndGlobalSection
	GlobalSection(VaultVsipSolution-v2) = preSolution
		VaultHost = http://pripev64/VaultService
		VaultRepositoryID = 2
		VaultRepositoryGUID = 33e0032e-191b-4ecf-a603-4fad77d2f211
		ProjectCount = 25
		ProjectRelativeDiskPath1 = Pripev.sln
		ProjectRelativeDiskPath2 = Pripev.sln
		ProjectRelativeDiskPath3 = Pripev.sln
		ProjectRelativeDiskPath4 = Pripev.sln
		ProjectRelativeDiskPath5 = Pripev.sln
		ProjectRelativeDiskPath6 = Pripev.sln
		ProjectRelativeDiskPath7 = Site\Site.csproj
		ProjectRelativeDiskPath8 = Bll\Bll.Web.csproj
		ProjectRelativeDiskPath9 = Utils\Utils.Web.csproj
		ProjectRelativeDiskPath10 = WebControls\WebControls.csproj
		ProjectRelativeDiskPath11 = ThirdParty\FileUploadV2_Stable_203_Source\FileUploadLibrary\FileUploadLibrary.csproj
		ProjectRelativeDiskPath12 = HTTPHandlers\LiveFeedHandlers\LiveFeedHandlers.csproj
		ProjectRelativeDiskPath13 = ThirdParty\Captcha\WebControlCaptcha.csproj
		ProjectRelativeDiskPath14 = ..\Model\Model.csproj
		ProjectRelativeDiskPath15 = ..\ExceptionManager\ExceptionManager.csproj
		ProjectRelativeDiskPath16 = ..\Dal\Dal.csproj
		ProjectRelativeDiskPath17 = ..\Utils\Utils.csproj
		ProjectRelativeDiskPath18 = Dal\Dal.Web.csproj
		ProjectRelativeDiskPath19 = ..\Applications\OrdersCleanup\OrdersCleanup.csproj
		ProjectRelativeDiskPath20 = ..\Silverlight\Chat\Chat.csproj
		ProjectRelativeDiskPath21 = ..\Chat\ChatServer\ChatServer.csproj
		ProjectRelativeDiskPath22 = ..\Chat\ChatInstall\ChatInstall.vdproj
		ProjectRelativeDiskPath23 = ..\DB\DB.dbproj
		ProjectRelativeDiskPath24 = ..\Applications\OrdersNotify\OrdersNotify.csproj
		ProjectRelativeDiskPath25 = ..\TextTemplates\TextTemplates.csproj
	EndGlobalSection
EndGlobal
